
Microsoft Visual Studio Solution File, Format Version 9.00
# Visual Studio 2005
Project("{8BC9CEB8-8B4A-11D0-8D11-00A0C91BC942}") = "winRTAdTest", "winRTAdTest.vcproj", "{C3B7BFD2-5B1C-48A1-B861-7B5D338CEDF7}"
EndProject
Global
	GlobalSection(SolutionConfigurationPlatforms) = preSolution
		Common Debug|Win32 = Common Debug|Win32
		Debug GL|Win32 = Debug GL|Win32
		Debug WebOS|Win32 = Debug WebOS|Win32
		Release GL|Win32 = Release GL|Win32
		Release|Win32 = Release|Win32
	EndGlobalSection
	GlobalSection(ProjectConfigurationPlatforms) = postSolution
		{C3B7BFD2-5B1C-48A1-B861-7B5D338CEDF7}.Common Debug|Win32.ActiveCfg = Common Debug|Win32
		{C3B7BFD2-5B1C-48A1-B861-7B5D338CEDF7}.Common Debug|Win32.Build.0 = Common Debug|Win32
		{C3B7BFD2-5B1C-48A1-B861-7B5D338CEDF7}.Debug GL|Win32.ActiveCfg = Debug GL|Win32
		{C3B7BFD2-5B1C-48A1-B861-7B5D338CEDF7}.Debug GL|Win32.Build.0 = Debug GL|Win32
		{C3B7BFD2-5B1C-48A1-B861-7B5D338CEDF7}.Debug WebOS|Win32.ActiveCfg = Debug WebOS|Win32
		{C3B7BFD2-5B1C-48A1-B861-7B5D338CEDF7}.Debug WebOS|Win32.Build.0 = Debug WebOS|Win32
		{C3B7BFD2-5B1C-48A1-B861-7B5D338CEDF7}.Release GL|Win32.ActiveCfg = Release GL|Win32
		{C3B7BFD2-5B1C-48A1-B861-7B5D338CEDF7}.Release GL|Win32.Build.0 = Release GL|Win32
		{C3B7BFD2-5B1C-48A1-B861-7B5D338CEDF7}.Release|Win32.ActiveCfg = Common Release|Win32
		{C3B7BFD2-5B1C-48A1-B861-7B5D338CEDF7}.Release|Win32.Build.0 = Common Release|Win32
	EndGlobalSection
	GlobalSection(SolutionProperties) = preSolution
		HideSolutionNode = FALSE
	EndGlobalSection
EndGlobal
